
Microsoft Visual Studio Solution File, Format Version 12.00
# Visual Studio Version 17
VisualStudioVersion = 17.6.33829.357
MinimumVisualStudioVersion = 10.0.40219.1
Project("{FAE04EC0-301F-11D3-BF4B-00C04F79EFBC}") = "LeetCode", "LeetCode\LeetCode.csproj", "{DFD4F070-0A1B-4390-9DA2-45968000A055}"
EndProject
Global
	GlobalSection(SolutionConfigurationPlatforms) = preSolution
		Debug|Any CPU = Debug|Any CPU
		Release|Any CPU = Release|Any CPU
	EndGlobalSection
	GlobalSection(ProjectConfigurationPlatforms) = postSolution
		{DFD4F070-0A1B-4390-9DA2-45968000A055}.Debug|Any CPU.ActiveCfg = Debug|Any CPU
		{DFD4F070-0A1B-4390-9DA2-45968000A055}.Debug|Any CPU.Build.0 = Debug|Any CPU
		{DFD4F070-0A1B-4390-9DA2-45968000A055}.Release|Any CPU.ActiveCfg = Release|Any CPU
		{DFD4F070-0A1B-4390-9DA2-45968000A055}.Release|Any CPU.Build.0 = Release|Any CPU
	EndGlobalSection
	GlobalSection(SolutionProperties) = preSolution
		HideSolutionNode = FALSE
	EndGlobalSection
	GlobalSection(ExtensibilityGlobals) = postSolution
		SolutionGuid = {32BF7894-53BB-4A77-881F-47956400B80E}
	EndGlobalSection
EndGlobal
